github.com/apache/thrift v0.18.1 h1:lNhK/1nqjbwbiOPDBPFJVKxgDEGSepKuTh6OLiXW8kg=
github.com/apache/thrift v0.18.1/go.mod h1:rdQn/dCcDKEWjjylUeueum4vQEjG2v8v2PqriUnbr+I=
github.com/donnie4w/gofer v0.0.0-20230708094931-da6c96532cf4 h1:FJyXoFCJcITu1pcIldc3n0vh/EuJzezJO1waxjnOX4Q=
github.com/donnie4w/gofer v0.0.0-20230708094931-da6c96532cf4/go.mod h1:x2FACHumiId2KXUEsrkNoTgqFrssA5W69Y+n2R35cSY=
github.com/donnie4w/gofer v0.0.0-20230804143121-9a2b690e93df h1:v0o91DmlIg7DIcEcYjzS2LeUZd103xhD3ssAzFqBEjI=
github.com/donnie4w/gofer v0.0.0-20230804143121-9a2b690e93df/go.mod h1:x2FACHumiId2KXUEsrkNoTgqFrssA5W69Y+n2R35cSY=
github.com/donnie4w/simplelog v0.0.0-20230806032535-d67aacb9a341 h1:nrqQAc8bY0gCjToBPIkoB9v4G98DdWxvMM5cpfE5DCw=
github.com/donnie4w/simplelog v0.0.0-20230806032535-d67aacb9a341/go.mod h1:rSopGC/ogVfAdi7CkgZwZYJGRjb4LfhrfQwreqImT+E=
github.com/donnie4w/simplelog v0.0.0-20230813073223-795779b98a18 h1:hsaZ6HkTaQN7phgZ1GX4GpEQ8Iy+sfqIWTmsfnNpABE=
github.com/donnie4w/simplelog v0.0.0-20230813073223-795779b98a18/go.mod h1:rSopGC/ogVfAdi7CkgZwZYJGRjb4LfhrfQwreqImT+E=
github.com/donnie4w/tlcli-go v0.0.0-20230804060231-16664e82286e h1:aC2FIWbHGFfnT3MB3pveEF1FJBOhgsnUT9cuNjvHB28=
github.com/donnie4w/tlcli-go v0.0.0-20230804060231-16664e82286e/go.mod h1:zBr3gl+OFPmT2KJl1jV3oofBi9eTMx8m3XQ+vCE6wv0=
github.com/donnie4w/tlmq-go v0.0.0-20230810153555-968da92fd22a h1:UGBd3klXn9Uc2a8quzOk9KQjr57xZbaiXnzWIBU3mwY=
github.com/donnie4w/tlmq-go v0.0.0-20230810153555-968da92fd22a/go.mod h1:XOvXyWSzOA57qo6Y00W1UB8bu9itzzqkDIuCGrl/A3c=
github.com/donnie4w/tlorm-go v0.0.0-20230810041334-436229372b21 h1:gjCZNQmaQhVBGidJX+XUP2V3yht++T0Y58Kg3Kbw2Uc=
github.com/donnie4w/tlorm-go v0.0.0-20230810041334-436229372b21/go.mod h1:8w/dlgPBPzzZr1KhtIUGC2bpuE2MaCNnJmoOmDH8ca4=
golang.org/x/net v0.14.0 h1:BONx9s002vGdD9umnlX1Po8vOZmrgH34qlHcD1MfK14=
golang.org/x/net v0.14.0/go.mod h1:PpSgVXXLK0OxS0F31C1/tv6XNguvCrnXIDrFMspZIUI=
